
Microsoft Visual Studio Solution File, Format Version 12.00
# Visual Studio Version 16
VisualStudioVersion = 16.0.30509.190
MinimumVisualStudioVersion = 10.0.40219.1
Project("{9A19103F-16F7-4668-BE54-9A1E7A4F7556}") = "BookBarcodeReader.Server", "BookBarcodeReader\Server\BookBarcodeReader.Server.csproj", "{7B745213-576A-40D3-A994-141989CEE7ED}"
EndProject
Project("{9A19103F-16F7-4668-BE54-9A1E7A4F7556}") = "BookBarcodeReader.Client", "BookBarcodeReader\Client\BookBarcodeReader.Client.csproj", "{C1C35F8C-1C33-4D6A-97C4-66C2362E90C8}"
EndProject
Project("{9A19103F-16F7-4668-BE54-9A1E7A4F7556}") = "BookBarcodeReader.Shared", "BookBarcodeReader\Shared\BookBarcodeReader.Shared.csproj", "{796E2491-1A35-4336-80D8-D53AE6E5636B}"
EndProject
Project("{2150E333-8FDC-42A3-9474-1A3956D46DE8}") = "Tests", "Tests", "{4F3E8E15-7918-4040-AAF7-6CFA30B86182}"
EndProject
Project("{9A19103F-16F7-4668-BE54-9A1E7A4F7556}") = "BookBarcodeReader.Server.Tests", "BookBarcodeReader.Server.Tests\BookBarcodeReader.Server.Tests.csproj", "{C3B6FB85-DD81-443D-98D0-266FCF21468E}"
EndProject
Global
	GlobalSection(SolutionConfigurationPlatforms) = preSolution
		Debug|Any CPU = Debug|Any CPU
		Release|Any CPU = Release|Any CPU
	EndGlobalSection
	GlobalSection(ProjectConfigurationPlatforms) = postSolution
		{7B745213-576A-40D3-A994-141989CEE7ED}.Debug|Any CPU.ActiveCfg = Debug|Any CPU
		{7B745213-576A-40D3-A994-141989CEE7ED}.Debug|Any CPU.Build.0 = Debug|Any CPU
		{7B745213-576A-40D3-A994-141989CEE7ED}.Release|Any CPU.ActiveCfg = Release|Any CPU
		{7B745213-576A-40D3-A994-141989CEE7ED}.Release|Any CPU.Build.0 = Release|Any CPU
		{C1C35F8C-1C33-4D6A-97C4-66C2362E90C8}.Debug|Any CPU.ActiveCfg = Debug|Any CPU
		{C1C35F8C-1C33-4D6A-97C4-66C2362E90C8}.Debug|Any CPU.Build.0 = Debug|Any CPU
		{C1C35F8C-1C33-4D6A-97C4-66C2362E90C8}.Release|Any CPU.ActiveCfg = Release|Any CPU
		{C1C35F8C-1C33-4D6A-97C4-66C2362E90C8}.Release|Any CPU.Build.0 = Release|Any CPU
		{796E2491-1A35-4336-80D8-D53AE6E5636B}.Debug|Any CPU.ActiveCfg = Debug|Any CPU
		{796E2491-1A35-4336-80D8-D53AE6E5636B}.Debug|Any CPU.Build.0 = Debug|Any CPU
		{796E2491-1A35-4336-80D8-D53AE6E5636B}.Release|Any CPU.ActiveCfg = Release|Any CPU
		{796E2491-1A35-4336-80D8-D53AE6E5636B}.Release|Any CPU.Build.0 = Release|Any CPU
		{C3B6FB85-DD81-443D-98D0-266FCF21468E}.Debug|Any CPU.ActiveCfg = Debug|Any CPU
		{C3B6FB85-DD81-443D-98D0-266FCF21468E}.Debug|Any CPU.Build.0 = Debug|Any CPU
		{C3B6FB85-DD81-443D-98D0-266FCF21468E}.Release|Any CPU.ActiveCfg = Release|Any CPU
		{C3B6FB85-DD81-443D-98D0-266FCF21468E}.Release|Any CPU.Build.0 = Release|Any CPU
	EndGlobalSection
	GlobalSection(SolutionProperties) = preSolution
		HideSolutionNode = FALSE
	EndGlobalSection
	GlobalSection(NestedProjects) = preSolution
		{C3B6FB85-DD81-443D-98D0-266FCF21468E} = {4F3E8E15-7918-4040-AAF7-6CFA30B86182}
	EndGlobalSection
	GlobalSection(ExtensibilityGlobals) = postSolution
		SolutionGuid = {0357E6D2-4FA5-4AE4-A316-E8CA9BD8CA2B}
	EndGlobalSection
EndGlobal
